
Microsoft Visual Studio Solution File, Format Version 12.00
# Visual Studio Version 17
VisualStudioVersion = 17.0.32112.339
MinimumVisualStudioVersion = 10.0.40219.1
Project("{FAE04EC0-301F-11D3-BF4B-00C04F79EFBC}") = "proba", "proba\proba.csproj", "{2784AAE2-08C8-4770-871C-61167DD1090C}"
EndProject
Global
	GlobalSection(SolutionConfigurationPlatforms) = preSolution
		Debug|Any CPU = Debug|Any CPU
		Release|Any CPU = Release|Any CPU
	EndGlobalSection
	GlobalSection(ProjectConfigurationPlatforms) = postSolution
		{2784AAE2-08C8-4770-871C-61167DD1090C}.Debug|Any CPU.ActiveCfg = Debug|Any CPU
		{2784AAE2-08C8-4770-871C-61167DD1090C}.Debug|Any CPU.Build.0 = Debug|Any CPU
		{2784AAE2-08C8-4770-871C-61167DD1090C}.Release|Any CPU.ActiveCfg = Release|Any CPU
		{2784AAE2-08C8-4770-871C-61167DD1090C}.Release|Any CPU.Build.0 = Release|Any CPU
	EndGlobalSection
	GlobalSection(SolutionProperties) = preSolution
		HideSolutionNode = FALSE
	EndGlobalSection
	GlobalSection(ExtensibilityGlobals) = postSolution
		SolutionGuid = {F7BE5440-6AA9-4040-B3D7-73D5F9EEBF73}
	EndGlobalSection
EndGlobal
